{
  "version": 4,
  "terraform_version": "1.5.7",
  "serial": 3,
  "lineage": "04ef4171-1f00-70dc-8f36-4a9be9e8f661",
  "outputs": {
    "resource_group_name": {
      "value": "my-azure-website-tf-rg",
      "type": "string"
    },
    "static_webapp_default_hostname": {
      "value": "lively-glacier-0f849bb1e.3.azurestaticapps.net",
      "type": "string"
    }
  },
  "resources": [
    {
      "mode": "managed",
      "type": "azurerm_resource_group",
      "name": "rg",
      "provider": "provider[\"registry.terraform.io/hashicorp/azurerm\"]",
      "instances": [
        {
          "schema_version": 0,
          "attributes": {
            "id": "/subscriptions/fb228b96-e64b-4521-9452-1d368153b434/resourceGroups/my-azure-website-tf-rg",
            "location": "westus2",
            "managed_by": "",
            "name": "my-azure-website-tf-rg",
            "tags": null,
            "timeouts": null
          },
          "sensitive_attributes": [],
          "private": "eyJlMmJmYjczMC1lY2FhLTExZTYtOGY4OC0zNDM2M2JjN2M0YzAiOnsiY3JlYXRlIjo1NDAwMDAwMDAwMDAwLCJkZWxldGUiOjU0MDAwMDAwMDAwMDAsInJlYWQiOjMwMDAwMDAwMDAwMCwidXBkYXRlIjo1NDAwMDAwMDAwMDAwfX0="
        }
      ]
    },
    {
      "mode": "managed",
      "type": "azurerm_static_web_app",
      "name": "static_app",
      "provider": "provider[\"registry.terraform.io/hashicorp/azurerm\"]",
      "instances": [
        {
          "schema_version": 0,
          "attributes": {
            "api_key": "c4ddb39c80a67150568890576fc6154e85fddbe3d39167ea59f69bffc893848e03-87ff4348-8574-4de1-9b12-60cf91ef30d101e23120f849bb1e",
            "app_settings": null,
            "basic_auth": [],
            "configuration_file_changes_enabled": true,
            "default_host_name": "lively-glacier-0f849bb1e.3.azurestaticapps.net",
            "id": "/subscriptions/fb228b96-e64b-4521-9452-1d368153b434/resourceGroups/my-azure-website-tf-rg/providers/Microsoft.Web/staticSites/my-azure-website-tf",
            "identity": [],
            "location": "westus2",
            "name": "my-azure-website-tf",
            "preview_environments_enabled": true,
            "public_network_access_enabled": true,
            "repository_branch": "",
            "repository_token": "",
            "repository_url": "",
            "resource_group_name": "my-azure-website-tf-rg",
            "sku_size": "Free",
            "sku_tier": "Free",
            "tags": null,
            "timeouts": null
          },
          "sensitive_attributes": [],
          "private": "eyJlMmJmYjczMC1lY2FhLTExZTYtOGY4OC0zNDM2M2JjN2M0YzAiOnsiY3JlYXRlIjoxODAwMDAwMDAwMDAwLCJkZWxldGUiOjE4MDAwMDAwMDAwMDAsInJlYWQiOjMwMDAwMDAwMDAwMCwidXBkYXRlIjoxODAwMDAwMDAwMDAwfX0=",
          "dependencies": [
            "azurerm_resource_group.rg"
          ]
        }
      ]
    }
  ],
  "check_results": null
}
